Microsoft Visual Studio Solution File, Format Version 11.00
# Visual Studio 2010
Project("{FAE04EC0-301F-11D3-BF4B-00C04F79EFBC}") = "How-To Work with XML", "How-To Work with XML.csproj", "{5440C8D3-2BEE-4152-A649-A82D32420DA9}"
EndProject
Global
	GlobalSection(SolutionConfigurationPlatforms) = preSolution
		Debug|Any CPU = Debug|Any CPU
		Release|Any CPU = Release|Any CPU
	EndGlobalSection
	GlobalSection(ProjectConfigurationPlatforms) = postSolution
		{5440C8D3-2BEE-4152-A649-A82D32420DA9}.Debug|Any CPU.ActiveCfg = Debug|Any CPU
		{5440C8D3-2BEE-4152-A649-A82D32420DA9}.Debug|Any CPU.Build.0 = Debug|Any CPU
		{5440C8D3-2BEE-4152-A649-A82D32420DA9}.Release|Any CPU.ActiveCfg = Release|Any CPU
		{5440C8D3-2BEE-4152-A649-A82D32420DA9}.Release|Any CPU.Build.0 = Release|Any CPU
	EndGlobalSection
	GlobalSection(SolutionProperties) = preSolution
		HideSolutionNode = FALSE
	EndGlobalSection
EndGlobal
