Microsoft Visual Studio Solution File, Format Version 11.00
# Visual Studio 2010
Project("{FAE04EC0-301F-11D3-BF4B-00C04F79EFBC}") = "How-To Interacting with a Windows Service", "How-To Interacting with a Windows Service.csproj", "{BCC7B3C8-E99F-4D45-ADF8-C228FB53A3AF}"
EndProject
Global
	GlobalSection(SolutionConfigurationPlatforms) = preSolution
		Debug|Any CPU = Debug|Any CPU
		Release|Any CPU = Release|Any CPU
	EndGlobalSection
	GlobalSection(ProjectConfigurationPlatforms) = postSolution
		{BCC7B3C8-E99F-4D45-ADF8-C228FB53A3AF}.Debug|Any CPU.ActiveCfg = Debug|Any CPU
		{BCC7B3C8-E99F-4D45-ADF8-C228FB53A3AF}.Debug|Any CPU.Build.0 = Debug|Any CPU
		{BCC7B3C8-E99F-4D45-ADF8-C228FB53A3AF}.Release|Any CPU.ActiveCfg = Release|Any CPU
		{BCC7B3C8-E99F-4D45-ADF8-C228FB53A3AF}.Release|Any CPU.Build.0 = Release|Any CPU
	EndGlobalSection
	GlobalSection(SolutionProperties) = preSolution
		HideSolutionNode = FALSE
	EndGlobalSection
EndGlobal
